
Microsoft Visual Studio Solution File, Format Version 12.00
# Visual Studio Version 16
VisualStudioVersion = 16.0.32126.315
MinimumVisualStudioVersion = 10.0.40219.1
Project("{FAE04EC0-301F-11D3-BF4B-00C04F79EFBC}") = "laba7_proga", "laba7_proga\laba7_proga.csproj", "{A4FDACEF-DBAD-4DE6-8299-1FF28033A9FC}"
EndProject
Project("{FAE04EC0-301F-11D3-BF4B-00C04F79EFBC}") = "TestProject1", "TestProject1\TestProject1.csproj", "{B5A36E7F-C6A2-4377-AC01-B65293C15E8B}"
EndProject
Global
	GlobalSection(SolutionConfigurationPlatforms) = preSolution
		Debug|Any CPU = Debug|Any CPU
		Release|Any CPU = Release|Any CPU
	EndGlobalSection
	GlobalSection(ProjectConfigurationPlatforms) = postSolution
		{A4FDACEF-DBAD-4DE6-8299-1FF28033A9FC}.Debug|Any CPU.ActiveCfg = Debug|Any CPU
		{A4FDACEF-DBAD-4DE6-8299-1FF28033A9FC}.Debug|Any CPU.Build.0 = Debug|Any CPU
		{A4FDACEF-DBAD-4DE6-8299-1FF28033A9FC}.Release|Any CPU.ActiveCfg = Release|Any CPU
		{A4FDACEF-DBAD-4DE6-8299-1FF28033A9FC}.Release|Any CPU.Build.0 = Release|Any CPU
		{B5A36E7F-C6A2-4377-AC01-B65293C15E8B}.Debug|Any CPU.ActiveCfg = Debug|Any CPU
		{B5A36E7F-C6A2-4377-AC01-B65293C15E8B}.Debug|Any CPU.Build.0 = Debug|Any CPU
		{B5A36E7F-C6A2-4377-AC01-B65293C15E8B}.Release|Any CPU.ActiveCfg = Release|Any CPU
		{B5A36E7F-C6A2-4377-AC01-B65293C15E8B}.Release|Any CPU.Build.0 = Release|Any CPU
	EndGlobalSection
	GlobalSection(SolutionProperties) = preSolution
		HideSolutionNode = FALSE
	EndGlobalSection
	GlobalSection(ExtensibilityGlobals) = postSolution
		SolutionGuid = {BE455671-E188-40AC-B470-155F04E00ADC}
	EndGlobalSection
EndGlobal
