
Microsoft Visual Studio Solution File, Format Version 12.00
# Visual Studio Version 16
VisualStudioVersion = 16.0.32126.315
MinimumVisualStudioVersion = 10.0.40219.1
Project("{FAE04EC0-301F-11D3-BF4B-00C04F79EFBC}") = "laba6_proga", "laba6_proga\laba6_proga.csproj", "{B5C833A0-291E-4C52-AE5D-2E52B4512653}"
EndProject
Project("{FAE04EC0-301F-11D3-BF4B-00C04F79EFBC}") = "test", "test\test.csproj", "{66B5F45F-76BE-4327-8EA4-F58AE3349053}"
EndProject
Global
	GlobalSection(SolutionConfigurationPlatforms) = preSolution
		Debug|Any CPU = Debug|Any CPU
		Release|Any CPU = Release|Any CPU
	EndGlobalSection
	GlobalSection(ProjectConfigurationPlatforms) = postSolution
		{B5C833A0-291E-4C52-AE5D-2E52B4512653}.Debug|Any CPU.ActiveCfg = Debug|Any CPU
		{B5C833A0-291E-4C52-AE5D-2E52B4512653}.Debug|Any CPU.Build.0 = Debug|Any CPU
		{B5C833A0-291E-4C52-AE5D-2E52B4512653}.Release|Any CPU.ActiveCfg = Release|Any CPU
		{B5C833A0-291E-4C52-AE5D-2E52B4512653}.Release|Any CPU.Build.0 = Release|Any CPU
		{66B5F45F-76BE-4327-8EA4-F58AE3349053}.Debug|Any CPU.ActiveCfg = Debug|Any CPU
		{66B5F45F-76BE-4327-8EA4-F58AE3349053}.Debug|Any CPU.Build.0 = Debug|Any CPU
		{66B5F45F-76BE-4327-8EA4-F58AE3349053}.Release|Any CPU.ActiveCfg = Release|Any CPU
		{66B5F45F-76BE-4327-8EA4-F58AE3349053}.Release|Any CPU.Build.0 = Release|Any CPU
	EndGlobalSection
	GlobalSection(SolutionProperties) = preSolution
		HideSolutionNode = FALSE
	EndGlobalSection
	GlobalSection(ExtensibilityGlobals) = postSolution
		SolutionGuid = {2A3CF19A-4303-40D7-A751-5097F32F9486}
	EndGlobalSection
EndGlobal
