
Microsoft Visual Studio Solution File, Format Version 12.00
# Visual Studio Version 16
VisualStudioVersion = 16.0.32126.315
MinimumVisualStudioVersion = 10.0.40219.1
Project("{9A19103F-16F7-4668-BE54-9A1E7A4F7556}") = "task1", "laba2_prog\task1.csproj", "{CC374958-2762-49F0-8CD1-33EC6CD6EAB6}"
EndProject
Project("{9A19103F-16F7-4668-BE54-9A1E7A4F7556}") = "task2", "task2\task2.csproj", "{7FC2AE5C-6373-47B6-AF48-7DE48ADC5027}"
EndProject
Project("{9A19103F-16F7-4668-BE54-9A1E7A4F7556}") = "task1.test", "task1.test\task1.test.csproj", "{D4E11DF7-D304-4985-8E3E-8222C35A35DA}"
EndProject
Project("{FAE04EC0-301F-11D3-BF4B-00C04F79EFBC}") = "task2.test", "task2.test\task2.test.csproj", "{5AE78463-0F79-4818-B387-E7A7319037A8}"
EndProject
Global
	GlobalSection(SolutionConfigurationPlatforms) = preSolution
		Debug|Any CPU = Debug|Any CPU
		Release|Any CPU = Release|Any CPU
	EndGlobalSection
	GlobalSection(ProjectConfigurationPlatforms) = postSolution
		{CC374958-2762-49F0-8CD1-33EC6CD6EAB6}.Debug|Any CPU.ActiveCfg = Debug|Any CPU
		{CC374958-2762-49F0-8CD1-33EC6CD6EAB6}.Debug|Any CPU.Build.0 = Debug|Any CPU
		{CC374958-2762-49F0-8CD1-33EC6CD6EAB6}.Release|Any CPU.ActiveCfg = Release|Any CPU
		{CC374958-2762-49F0-8CD1-33EC6CD6EAB6}.Release|Any CPU.Build.0 = Release|Any CPU
		{7FC2AE5C-6373-47B6-AF48-7DE48ADC5027}.Debug|Any CPU.ActiveCfg = Debug|Any CPU
		{7FC2AE5C-6373-47B6-AF48-7DE48ADC5027}.Debug|Any CPU.Build.0 = Debug|Any CPU
		{7FC2AE5C-6373-47B6-AF48-7DE48ADC5027}.Release|Any CPU.ActiveCfg = Release|Any CPU
		{7FC2AE5C-6373-47B6-AF48-7DE48ADC5027}.Release|Any CPU.Build.0 = Release|Any CPU
		{D4E11DF7-D304-4985-8E3E-8222C35A35DA}.Debug|Any CPU.ActiveCfg = Debug|Any CPU
		{D4E11DF7-D304-4985-8E3E-8222C35A35DA}.Debug|Any CPU.Build.0 = Debug|Any CPU
		{D4E11DF7-D304-4985-8E3E-8222C35A35DA}.Release|Any CPU.ActiveCfg = Release|Any CPU
		{D4E11DF7-D304-4985-8E3E-8222C35A35DA}.Release|Any CPU.Build.0 = Release|Any CPU
		{5AE78463-0F79-4818-B387-E7A7319037A8}.Debug|Any CPU.ActiveCfg = Debug|Any CPU
		{5AE78463-0F79-4818-B387-E7A7319037A8}.Debug|Any CPU.Build.0 = Debug|Any CPU
		{5AE78463-0F79-4818-B387-E7A7319037A8}.Release|Any CPU.ActiveCfg = Release|Any CPU
		{5AE78463-0F79-4818-B387-E7A7319037A8}.Release|Any CPU.Build.0 = Release|Any CPU
	EndGlobalSection
	GlobalSection(SolutionProperties) = preSolution
		HideSolutionNode = FALSE
	EndGlobalSection
	GlobalSection(ExtensibilityGlobals) = postSolution
		SolutionGuid = {980965A6-DA44-4664-82C8-ABD3DE408CEB}
	EndGlobalSection
EndGlobal
