
Microsoft Visual Studio Solution File, Format Version 12.00
# Visual Studio Version 16
VisualStudioVersion = 16.0.32126.315
MinimumVisualStudioVersion = 10.0.40219.1
Project("{9A19103F-16F7-4668-BE54-9A1E7A4F7556}") = "laba4_proga", "laba4_proga\laba4_proga.csproj", "{99DFD662-CAD3-4A6D-9961-8483A45F001F}"
EndProject
Project("{FAE04EC0-301F-11D3-BF4B-00C04F79EFBC}") = "Test1", "Test1\Test1.csproj", "{05B744FB-BE2D-4AEB-97AB-27FE032F5E71}"
EndProject
Global
	GlobalSection(SolutionConfigurationPlatforms) = preSolution
		Debug|Any CPU = Debug|Any CPU
		Release|Any CPU = Release|Any CPU
	EndGlobalSection
	GlobalSection(ProjectConfigurationPlatforms) = postSolution
		{99DFD662-CAD3-4A6D-9961-8483A45F001F}.Debug|Any CPU.ActiveCfg = Debug|Any CPU
		{99DFD662-CAD3-4A6D-9961-8483A45F001F}.Debug|Any CPU.Build.0 = Debug|Any CPU
		{99DFD662-CAD3-4A6D-9961-8483A45F001F}.Release|Any CPU.ActiveCfg = Release|Any CPU
		{99DFD662-CAD3-4A6D-9961-8483A45F001F}.Release|Any CPU.Build.0 = Release|Any CPU
		{05B744FB-BE2D-4AEB-97AB-27FE032F5E71}.Debug|Any CPU.ActiveCfg = Debug|Any CPU
		{05B744FB-BE2D-4AEB-97AB-27FE032F5E71}.Debug|Any CPU.Build.0 = Debug|Any CPU
		{05B744FB-BE2D-4AEB-97AB-27FE032F5E71}.Release|Any CPU.ActiveCfg = Release|Any CPU
		{05B744FB-BE2D-4AEB-97AB-27FE032F5E71}.Release|Any CPU.Build.0 = Release|Any CPU
	EndGlobalSection
	GlobalSection(SolutionProperties) = preSolution
		HideSolutionNode = FALSE
	EndGlobalSection
	GlobalSection(ExtensibilityGlobals) = postSolution
		SolutionGuid = {019551B6-9635-4F4F-87A4-FE72F77CF3C9}
	EndGlobalSection
EndGlobal
