
Microsoft Visual Studio Solution File, Format Version 12.00
# Visual Studio Version 16
VisualStudioVersion = 16.0.32126.315
MinimumVisualStudioVersion = 10.0.40219.1
Project("{9A19103F-16F7-4668-BE54-9A1E7A4F7556}") = "laba3", "laba3\laba3.csproj", "{D9ECFD7F-EBDD-4C4D-BCF2-EAF88A86A209}"
EndProject
Project("{FAE04EC0-301F-11D3-BF4B-00C04F79EFBC}") = "Test1", "Test1\Test1.csproj", "{9991EABC-9A6F-4488-96AC-01A669F53783}"
EndProject
Project("{FAE04EC0-301F-11D3-BF4B-00C04F79EFBC}") = "Test2", "Test2\Test2.csproj", "{7A27C74B-5925-47CC-B490-B311183F6508}"
EndProject
Project("{FAE04EC0-301F-11D3-BF4B-00C04F79EFBC}") = "Test3", "Test3\Test3.csproj", "{6073E40A-C3BF-4CE0-A8D6-87D1BC376773}"
EndProject
Global
	GlobalSection(SolutionConfigurationPlatforms) = preSolution
		Debug|Any CPU = Debug|Any CPU
		Release|Any CPU = Release|Any CPU
	EndGlobalSection
	GlobalSection(ProjectConfigurationPlatforms) = postSolution
		{D9ECFD7F-EBDD-4C4D-BCF2-EAF88A86A209}.Debug|Any CPU.ActiveCfg = Debug|Any CPU
		{D9ECFD7F-EBDD-4C4D-BCF2-EAF88A86A209}.Debug|Any CPU.Build.0 = Debug|Any CPU
		{D9ECFD7F-EBDD-4C4D-BCF2-EAF88A86A209}.Release|Any CPU.ActiveCfg = Release|Any CPU
		{D9ECFD7F-EBDD-4C4D-BCF2-EAF88A86A209}.Release|Any CPU.Build.0 = Release|Any CPU
		{9991EABC-9A6F-4488-96AC-01A669F53783}.Debug|Any CPU.ActiveCfg = Debug|Any CPU
		{9991EABC-9A6F-4488-96AC-01A669F53783}.Debug|Any CPU.Build.0 = Debug|Any CPU
		{9991EABC-9A6F-4488-96AC-01A669F53783}.Release|Any CPU.ActiveCfg = Release|Any CPU
		{9991EABC-9A6F-4488-96AC-01A669F53783}.Release|Any CPU.Build.0 = Release|Any CPU
		{7A27C74B-5925-47CC-B490-B311183F6508}.Debug|Any CPU.ActiveCfg = Debug|Any CPU
		{7A27C74B-5925-47CC-B490-B311183F6508}.Debug|Any CPU.Build.0 = Debug|Any CPU
		{7A27C74B-5925-47CC-B490-B311183F6508}.Release|Any CPU.ActiveCfg = Release|Any CPU
		{7A27C74B-5925-47CC-B490-B311183F6508}.Release|Any CPU.Build.0 = Release|Any CPU
		{6073E40A-C3BF-4CE0-A8D6-87D1BC376773}.Debug|Any CPU.ActiveCfg = Debug|Any CPU
		{6073E40A-C3BF-4CE0-A8D6-87D1BC376773}.Debug|Any CPU.Build.0 = Debug|Any CPU
		{6073E40A-C3BF-4CE0-A8D6-87D1BC376773}.Release|Any CPU.ActiveCfg = Release|Any CPU
		{6073E40A-C3BF-4CE0-A8D6-87D1BC376773}.Release|Any CPU.Build.0 = Release|Any CPU
	EndGlobalSection
	GlobalSection(SolutionProperties) = preSolution
		HideSolutionNode = FALSE
	EndGlobalSection
	GlobalSection(ExtensibilityGlobals) = postSolution
		SolutionGuid = {36BCF06D-C5C9-4389-B433-1FAFE5704E3E}
	EndGlobalSection
EndGlobal
